
Microsoft Visual Studio Solution File, Format Version 12.00
# Visual Studio Version 16
VisualStudioVersion = 16.0.29424.173
MinimumVisualStudioVersion = 10.0.40219.1
Project("{FAE04EC0-301F-11D3-BF4B-00C04F79EFBC}") = "Lilian_Nishimaru_exercise01", "Lilian_Nishimaru_Sec003_COMP212_Lab03\Lilian_Nishimaru_exercise01.csproj", "{1798CC66-DAB1-47E0-9771-863D217AF8FA}"
EndProject
Project("{FAE04EC0-301F-11D3-BF4B-00C04F79EFBC}") = "Lilian_Nishimaru_exercise02", "Lilian_Nishimaru_exercise02\Lilian_Nishimaru_exercise02.csproj", "{BF08770A-8F89-4A1D-A8FA-A312F2260B12}"
EndProject
Global
	GlobalSection(SolutionConfigurationPlatforms) = preSolution
		Debug|Any CPU = Debug|Any CPU
		Release|Any CPU = Release|Any CPU
	EndGlobalSection
	GlobalSection(ProjectConfigurationPlatforms) = postSolution
		{1798CC66-DAB1-47E0-9771-863D217AF8FA}.Debug|Any CPU.ActiveCfg = Debug|Any CPU
		{1798CC66-DAB1-47E0-9771-863D217AF8FA}.Debug|Any CPU.Build.0 = Debug|Any CPU
		{1798CC66-DAB1-47E0-9771-863D217AF8FA}.Release|Any CPU.ActiveCfg = Release|Any CPU
		{1798CC66-DAB1-47E0-9771-863D217AF8FA}.Release|Any CPU.Build.0 = Release|Any CPU
		{BF08770A-8F89-4A1D-A8FA-A312F2260B12}.Debug|Any CPU.ActiveCfg = Debug|Any CPU
		{BF08770A-8F89-4A1D-A8FA-A312F2260B12}.Debug|Any CPU.Build.0 = Debug|Any CPU
		{BF08770A-8F89-4A1D-A8FA-A312F2260B12}.Release|Any CPU.ActiveCfg = Release|Any CPU
		{BF08770A-8F89-4A1D-A8FA-A312F2260B12}.Release|Any CPU.Build.0 = Release|Any CPU
	EndGlobalSection
	GlobalSection(SolutionProperties) = preSolution
		HideSolutionNode = FALSE
	EndGlobalSection
	GlobalSection(ExtensibilityGlobals) = postSolution
		SolutionGuid = {3686A43E-D1D5-415C-AEA7-14E81A3E7664}
	EndGlobalSection
EndGlobal
